
Microsoft Visual Studio Solution File, Format Version 12.00
# Visual Studio Version 17
VisualStudioVersion = 17.10.35013.160
MinimumVisualStudioVersion = 10.0.40219.1
Project("{FAE04EC0-301F-11D3-BF4B-00C04F79EFBC}") = "ComexApiT1", "ComexApiT1\ComexApiT1.csproj", "{C40997BF-008D-49AA-8DFE-D21742AFC29E}"
EndProject
Global
	GlobalSection(SolutionConfigurationPlatforms) = preSolution
		Debug|Any CPU = Debug|Any CPU
		Release|Any CPU = Release|Any CPU
	EndGlobalSection
	GlobalSection(ProjectConfigurationPlatforms) = postSolution
		{C40997BF-008D-49AA-8DFE-D21742AFC29E}.Debug|Any CPU.ActiveCfg = Debug|Any CPU
		{C40997BF-008D-49AA-8DFE-D21742AFC29E}.Debug|Any CPU.Build.0 = Debug|Any CPU
		{C40997BF-008D-49AA-8DFE-D21742AFC29E}.Release|Any CPU.ActiveCfg = Release|Any CPU
		{C40997BF-008D-49AA-8DFE-D21742AFC29E}.Release|Any CPU.Build.0 = Release|Any CPU
	EndGlobalSection
	GlobalSection(SolutionProperties) = preSolution
		HideSolutionNode = FALSE
	EndGlobalSection
	GlobalSection(ExtensibilityGlobals) = postSolution
		SolutionGuid = {138BB926-A7E6-49F7-8EFE-E1ECF01CE205}
	EndGlobalSection
EndGlobal
